
Microsoft Visual Studio Solution File, Format Version 12.00
# Visual Studio Version 17
VisualStudioVersion = 17.6.33723.286
MinimumVisualStudioVersion = 10.0.40219.1
Project("{FAE04EC0-301F-11D3-BF4B-00C04F79EFBC}") = "FirebaseLoginAuth", "FirebaseLoginAuth\FirebaseLoginAuth.csproj", "{B46571A7-2D15-4BF9-89DE-FEAC9341632C}"
EndProject
Global
	GlobalSection(SolutionConfigurationPlatforms) = preSolution
		Debug|Any CPU = Debug|Any CPU
		Release|Any CPU = Release|Any CPU
	EndGlobalSection
	GlobalSection(ProjectConfigurationPlatforms) = postSolution
		{B46571A7-2D15-4BF9-89DE-FEAC9341632C}.Debug|Any CPU.ActiveCfg = Debug|Any CPU
		{B46571A7-2D15-4BF9-89DE-FEAC9341632C}.Debug|Any CPU.Build.0 = Debug|Any CPU
		{B46571A7-2D15-4BF9-89DE-FEAC9341632C}.Release|Any CPU.ActiveCfg = Release|Any CPU
		{B46571A7-2D15-4BF9-89DE-FEAC9341632C}.Release|Any CPU.Build.0 = Release|Any CPU
	EndGlobalSection
	GlobalSection(SolutionProperties) = preSolution
		HideSolutionNode = FALSE
	EndGlobalSection
	GlobalSection(ExtensibilityGlobals) = postSolution
		SolutionGuid = {B5A51198-AB1F-4EB8-ABC9-7678AE71F3D4}
	EndGlobalSection
EndGlobal
